<Solution>
  <Folder Name="/examples/">
    <Project Path="examples/Protocol10Move/Protocol10Move.csproj" />
    <Project Path="examples/Protocol10Ping/Protocol10Ping.csproj" />
    <Project Path="examples/Protocol10ReadPosition/Protocol10ReadPosition.csproj" />
    <Project Path="examples/Protocol10ReadTemperature/Protocol10ReadTemperature.csproj" />
    <Project Path="examples/SerialChannelReadWrite/SerialChannelReadWrite.csproj" />
  </Folder>
  <Folder Name="/Solution Items/">
    <File Path="Directory.Build.props" />
    <File Path="Directory.Packages.props" />
    <File Path="README.md" />
  </Folder>
  <Folder Name="/src/">
    <Project Path="src/DynamixelCSharp/DynamixelCSharp.csproj" />
  </Folder>
  <Folder Name="/test/">
    <Project Path="test/DynamixelCSharp.UnitTest/DynamixelCSharp.UnitTest.csproj" />
  </Folder>
</Solution>
