
Microsoft Visual Studio Solution File, Format Version 12.00
# Visual Studio Version 17
VisualStudioVersion = 17.6.33513.286
MinimumVisualStudioVersion = 10.0.40219.1
Project("{9A19103F-16F7-4668-BE54-9A1E7A4F7556}") = "DynamixelCSharp", "src\DynamixelCSharp\DynamixelCSharp.csproj", "{58B34CC9-38E6-4980-BEC2-9A3B92DAEB8B}"
EndProject
Project("{2150E333-8FDC-42A3-9474-1A3956D46DE8}") = "src", "src", "{2CE9D24C-CEFF-46FE-AC46-074444354708}"
EndProject
Project("{2150E333-8FDC-42A3-9474-1A3956D46DE8}") = "examples", "examples", "{C14941ED-B8D1-4017-AD46-A329DB92AE74}"
EndProject
Project("{9A19103F-16F7-4668-BE54-9A1E7A4F7556}") = "SerialChannelReadWrite", "examples\SerialChannelReadWrite\SerialChannelReadWrite.csproj", "{224E11F0-F49E-4E76-90CD-195EE4D5868E}"
EndProject
Project("{FAE04EC0-301F-11D3-BF4B-00C04F79EFBC}") = "Protocol10Ping", "examples\Protocol10Ping\Protocol10Ping.csproj", "{20E36054-6AC9-4479-B272-50878D2FF9B4}"
EndProject
Global
	GlobalSection(SolutionConfigurationPlatforms) = preSolution
		Debug|Any CPU = Debug|Any CPU
		Release|Any CPU = Release|Any CPU
	EndGlobalSection
	GlobalSection(ProjectConfigurationPlatforms) = postSolution
		{58B34CC9-38E6-4980-BEC2-9A3B92DAEB8B}.Debug|Any CPU.ActiveCfg = Debug|Any CPU
		{58B34CC9-38E6-4980-BEC2-9A3B92DAEB8B}.Debug|Any CPU.Build.0 = Debug|Any CPU
		{58B34CC9-38E6-4980-BEC2-9A3B92DAEB8B}.Release|Any CPU.ActiveCfg = Release|Any CPU
		{58B34CC9-38E6-4980-BEC2-9A3B92DAEB8B}.Release|Any CPU.Build.0 = Release|Any CPU
		{224E11F0-F49E-4E76-90CD-195EE4D5868E}.Debug|Any CPU.ActiveCfg = Debug|Any CPU
		{224E11F0-F49E-4E76-90CD-195EE4D5868E}.Debug|Any CPU.Build.0 = Debug|Any CPU
		{224E11F0-F49E-4E76-90CD-195EE4D5868E}.Release|Any CPU.ActiveCfg = Release|Any CPU
		{224E11F0-F49E-4E76-90CD-195EE4D5868E}.Release|Any CPU.Build.0 = Release|Any CPU
		{20E36054-6AC9-4479-B272-50878D2FF9B4}.Debug|Any CPU.ActiveCfg = Debug|Any CPU
		{20E36054-6AC9-4479-B272-50878D2FF9B4}.Debug|Any CPU.Build.0 = Debug|Any CPU
		{20E36054-6AC9-4479-B272-50878D2FF9B4}.Release|Any CPU.ActiveCfg = Release|Any CPU
		{20E36054-6AC9-4479-B272-50878D2FF9B4}.Release|Any CPU.Build.0 = Release|Any CPU
	EndGlobalSection
	GlobalSection(SolutionProperties) = preSolution
		HideSolutionNode = FALSE
	EndGlobalSection
	GlobalSection(NestedProjects) = preSolution
		{58B34CC9-38E6-4980-BEC2-9A3B92DAEB8B} = {2CE9D24C-CEFF-46FE-AC46-074444354708}
		{224E11F0-F49E-4E76-90CD-195EE4D5868E} = {C14941ED-B8D1-4017-AD46-A329DB92AE74}
		{20E36054-6AC9-4479-B272-50878D2FF9B4} = {C14941ED-B8D1-4017-AD46-A329DB92AE74}
	EndGlobalSection
	GlobalSection(ExtensibilityGlobals) = postSolution
		SolutionGuid = {3486A569-DAE6-4C32-963F-3B6331EB39D6}
	EndGlobalSection
EndGlobal
